
Microsoft Visual Studio Solution File, Format Version 12.00
# Visual Studio Version 17
VisualStudioVersion = 17.11.35431.28
MinimumVisualStudioVersion = 10.0.40219.1
Project("{9A19103F-16F7-4668-BE54-9A1E7A4F7556}") = "GerenciadorDeTarefas", "GerenciadorDeTarefas\GerenciadorDeTarefas.csproj", "{F485E43A-6470-4F38-A924-F078B505AAF2}"
EndProject
Global
	GlobalSection(SolutionConfigurationPlatforms) = preSolution
		Debug|Any CPU = Debug|Any CPU
		Release|Any CPU = Release|Any CPU
	EndGlobalSection
	GlobalSection(ProjectConfigurationPlatforms) = postSolution
		{F485E43A-6470-4F38-A924-F078B505AAF2}.Debug|Any CPU.ActiveCfg = Debug|Any CPU
		{F485E43A-6470-4F38-A924-F078B505AAF2}.Debug|Any CPU.Build.0 = Debug|Any CPU
		{F485E43A-6470-4F38-A924-F078B505AAF2}.Release|Any CPU.ActiveCfg = Release|Any CPU
		{F485E43A-6470-4F38-A924-F078B505AAF2}.Release|Any CPU.Build.0 = Release|Any CPU
	EndGlobalSection
	GlobalSection(SolutionProperties) = preSolution
		HideSolutionNode = FALSE
	EndGlobalSection
	GlobalSection(ExtensibilityGlobals) = postSolution
		SolutionGuid = {DC846E73-D240-4210-B408-4238E0482DF5}
	EndGlobalSection
EndGlobal
